Microsoft Visual Studio Solution File, Format Version 12.00
# Visual Studio Version 17
VisualStudioVersion = 17.5.2.0
MinimumVisualStudioVersion = 10.0.40219.1
Project("{FAE04EC0-301F-11D3-BF4B-00C04F79EFBC}") = "KulturTravelMVC", "KulturTravelMVC.csproj", "{ED7C6EC3-56CF-AD50-39C8-A0255016F3D0}"
EndProject
Global
	GlobalSection(SolutionConfigurationPlatforms) = preSolution
		Debug|Any CPU = Debug|Any CPU
		Release|Any CPU = Release|Any CPU
	EndGlobalSection
	GlobalSection(ProjectConfigurationPlatforms) = postSolution
		{ED7C6EC3-56CF-AD50-39C8-A0255016F3D0}.Debug|Any CPU.ActiveCfg = Debug|Any CPU
		{ED7C6EC3-56CF-AD50-39C8-A0255016F3D0}.Debug|Any CPU.Build.0 = Debug|Any CPU
		{ED7C6EC3-56CF-AD50-39C8-A0255016F3D0}.Release|Any CPU.ActiveCfg = Release|Any CPU
		{ED7C6EC3-56CF-AD50-39C8-A0255016F3D0}.Release|Any CPU.Build.0 = Release|Any CPU
	EndGlobalSection
	GlobalSection(SolutionProperties) = preSolution
		HideSolutionNode = FALSE
	EndGlobalSection
	GlobalSection(ExtensibilityGlobals) = postSolution
		SolutionGuid = {1148E2A8-EB90-4CFE-AA3D-A2214912C2FF}
	EndGlobalSection
EndGlobal
